
Microsoft Visual Studio Solution File, Format Version 12.00
# Visual Studio Version 17
VisualStudioVersion = 17.7.34003.232
MinimumVisualStudioVersion = 10.0.40219.1
Project("{FAE04EC0-301F-11D3-BF4B-00C04F79EFBC}") = "BookStoreApp", "BookStoreApp\BookStoreApp.csproj", "{3F8642C5-56E6-4603-9C09-BDC0E161FE92}"
EndProject
Project("{FAE04EC0-301F-11D3-BF4B-00C04F79EFBC}") = "BookStore.Domain", "BookStore.Domain\BookStore.Domain.csproj", "{89A541A1-FF60-4464-A4C3-5A7288ECADDE}"
EndProject
Project("{FAE04EC0-301F-11D3-BF4B-00C04F79EFBC}") = "BookStore.Application", "BookStore.Application\BookStore.Application.csproj", "{00B2443E-19B9-4A25-A807-92B01831F431}"
EndProject
Project("{FAE04EC0-301F-11D3-BF4B-00C04F79EFBC}") = "BookStore.Persistence", "BookStore.Persistence\BookStore.Persistence.csproj", "{9D84918B-1431-47BA-82AF-9E44749EEC12}"
EndProject
Project("{FAE04EC0-301F-11D3-BF4B-00C04F79EFBC}") = "BookStore.Common", "BookStore.Common\BookStore.Common.csproj", "{5005E14E-88B6-4C54-A14B-64A6FE1542C8}"
EndProject
Global
	GlobalSection(SolutionConfigurationPlatforms) = preSolution
		Debug|Any CPU = Debug|Any CPU
		Release|Any CPU = Release|Any CPU
	EndGlobalSection
	GlobalSection(ProjectConfigurationPlatforms) = postSolution
		{3F8642C5-56E6-4603-9C09-BDC0E161FE92}.Debug|Any CPU.ActiveCfg = Debug|Any CPU
		{3F8642C5-56E6-4603-9C09-BDC0E161FE92}.Debug|Any CPU.Build.0 = Debug|Any CPU
		{3F8642C5-56E6-4603-9C09-BDC0E161FE92}.Release|Any CPU.ActiveCfg = Release|Any CPU
		{3F8642C5-56E6-4603-9C09-BDC0E161FE92}.Release|Any CPU.Build.0 = Release|Any CPU
		{89A541A1-FF60-4464-A4C3-5A7288ECADDE}.Debug|Any CPU.ActiveCfg = Debug|Any CPU
		{89A541A1-FF60-4464-A4C3-5A7288ECADDE}.Debug|Any CPU.Build.0 = Debug|Any CPU
		{89A541A1-FF60-4464-A4C3-5A7288ECADDE}.Release|Any CPU.ActiveCfg = Release|Any CPU
		{89A541A1-FF60-4464-A4C3-5A7288ECADDE}.Release|Any CPU.Build.0 = Release|Any CPU
		{00B2443E-19B9-4A25-A807-92B01831F431}.Debug|Any CPU.ActiveCfg = Debug|Any CPU
		{00B2443E-19B9-4A25-A807-92B01831F431}.Debug|Any CPU.Build.0 = Debug|Any CPU
		{00B2443E-19B9-4A25-A807-92B01831F431}.Release|Any CPU.ActiveCfg = Release|Any CPU
		{00B2443E-19B9-4A25-A807-92B01831F431}.Release|Any CPU.Build.0 = Release|Any CPU
		{9D84918B-1431-47BA-82AF-9E44749EEC12}.Debug|Any CPU.ActiveCfg = Debug|Any CPU
		{9D84918B-1431-47BA-82AF-9E44749EEC12}.Debug|Any CPU.Build.0 = Debug|Any CPU
		{9D84918B-1431-47BA-82AF-9E44749EEC12}.Release|Any CPU.ActiveCfg = Release|Any CPU
		{9D84918B-1431-47BA-82AF-9E44749EEC12}.Release|Any CPU.Build.0 = Release|Any CPU
		{5005E14E-88B6-4C54-A14B-64A6FE1542C8}.Debug|Any CPU.ActiveCfg = Debug|Any CPU
		{5005E14E-88B6-4C54-A14B-64A6FE1542C8}.Debug|Any CPU.Build.0 = Debug|Any CPU
		{5005E14E-88B6-4C54-A14B-64A6FE1542C8}.Release|Any CPU.ActiveCfg = Release|Any CPU
		{5005E14E-88B6-4C54-A14B-64A6FE1542C8}.Release|Any CPU.Build.0 = Release|Any CPU
	EndGlobalSection
	GlobalSection(SolutionProperties) = preSolution
		HideSolutionNode = FALSE
	EndGlobalSection
	GlobalSection(ExtensibilityGlobals) = postSolution
		SolutionGuid = {49BCAC93-147D-4806-A9B6-1F41651B3F59}
	EndGlobalSection
EndGlobal
